
Microsoft Visual Studio Solution File, Format Version 12.00
# Visual Studio Version 16
VisualStudioVersion = 16.0.31702.278
MinimumVisualStudioVersion = 10.0.40219.1
Project("{FAE04EC0-301F-11D3-BF4B-00C04F79EFBC}") = "Part22MethodHiding", "Part22MethodHiding\Part22MethodHiding.csproj", "{73AFD7EF-060A-49EB-A78B-0E0E299F66CF}"
EndProject
Global
	GlobalSection(SolutionConfigurationPlatforms) = preSolution
		Debug|Any CPU = Debug|Any CPU
		Release|Any CPU = Release|Any CPU
	EndGlobalSection
	GlobalSection(ProjectConfigurationPlatforms) = postSolution
		{73AFD7EF-060A-49EB-A78B-0E0E299F66CF}.Debug|Any CPU.ActiveCfg = Debug|Any CPU
		{73AFD7EF-060A-49EB-A78B-0E0E299F66CF}.Debug|Any CPU.Build.0 = Debug|Any CPU
		{73AFD7EF-060A-49EB-A78B-0E0E299F66CF}.Release|Any CPU.ActiveCfg = Release|Any CPU
		{73AFD7EF-060A-49EB-A78B-0E0E299F66CF}.Release|Any CPU.Build.0 = Release|Any CPU
	EndGlobalSection
	GlobalSection(SolutionProperties) = preSolution
		HideSolutionNode = FALSE
	EndGlobalSection
	GlobalSection(ExtensibilityGlobals) = postSolution
		SolutionGuid = {92082C98-9BF6-4FF5-9A4A-74337A59D43E}
	EndGlobalSection
EndGlobal
